{
  "version": "3",
  "packages": {
    "specifiers": {
      "jsr:@std/assert@^0.219.1": "jsr:@std/assert@0.219.1",
      "jsr:@std/dotenv@^0.219.1": "jsr:@std/dotenv@0.219.1",
      "jsr:@std/fmt@^0.219.1": "jsr:@std/fmt@0.219.1",
      "jsr:@std/semver@0.223.0": "jsr:@std/semver@0.223.0",
      "npm:@types/node": "npm:@types/node@18.16.19"
    },
    "jsr": {
      "@std/assert@0.219.1": {
        "integrity": "e76c2a1799a78f0f4db7de04bdc9b908a7a4b821bb65eda0285885297d4fb8af",
        "dependencies": [
          "jsr:@std/fmt@^0.219.1"
        ]
      },
      "@std/dotenv@0.219.1": {
        "integrity": "061a8d284c85ac6f47ce6df7b90f950ae3f89de61e94cf4523cc4a1ba5175050"
      },
      "@std/fmt@0.219.1": {
        "integrity": "2432152e927df249a207177aa048a6d9465956ea0047653ee6abd4f514db504f"
      },
      "@std/semver@0.223.0": {
        "integrity": "435f782c760d0662f6b93ccec343701fbd6b5b61d5f7ec6d5a908a911b78099b"
      }
    },
    "npm": {
      "@types/node@18.16.19": {
        "integrity": "sha512-IXl7o+R9iti9eBW4Wg2hx1xQDig183jj7YLn8F7udNceyfkbn1ZxmzZXuak20gR40D7pIkIY1kYGx5VIGbaHKA==",
        "dependencies": {}
      }
    }
  },
  "remote": {},
  "workspace": {
    "dependencies": [
      "jsr:@std/assert@^0.219.1",
      "jsr:@std/dotenv@^0.219.1"
    ]
  }
}
